
Microsoft Visual Studio Solution File, Format Version 12.00
# Visual Studio 15
Project("{FAE04EC0-301F-11D3-BF4B-00C04F79EFBC}") = "MMFitnessApp.Android", "MMFitnessApp.Android\MMFitnessApp.Android.csproj", "{9585A5CF-92F0-4477-A8A4-559036FC5947}"
EndProject
Project("{FAE04EC0-301F-11D3-BF4B-00C04F79EFBC}") = "MMFitnessApp", "MMFitnessApp\MMFitnessApp.csproj", "{BEE89C2F-126E-461D-9FBC-2EB9A74A0E0A}"
EndProject
Global
	GlobalSection(SolutionConfigurationPlatforms) = preSolution
		Debug|Any CPU = Debug|Any CPU
		Release|Any CPU = Release|Any CPU
	EndGlobalSection
	GlobalSection(ProjectConfigurationPlatforms) = postSolution
		{9585A5CF-92F0-4477-A8A4-559036FC5947}.Debug|Any CPU.ActiveCfg = Debug|Any CPU
		{9585A5CF-92F0-4477-A8A4-559036FC5947}.Debug|Any CPU.Build.0 = Debug|Any CPU
		{9585A5CF-92F0-4477-A8A4-559036FC5947}.Release|Any CPU.ActiveCfg = Release|Any CPU
		{9585A5CF-92F0-4477-A8A4-559036FC5947}.Release|Any CPU.Build.0 = Release|Any CPU
		{BEE89C2F-126E-461D-9FBC-2EB9A74A0E0A}.Debug|Any CPU.ActiveCfg = Debug|Any CPU
		{BEE89C2F-126E-461D-9FBC-2EB9A74A0E0A}.Debug|Any CPU.Build.0 = Debug|Any CPU
		{BEE89C2F-126E-461D-9FBC-2EB9A74A0E0A}.Release|Any CPU.ActiveCfg = Release|Any CPU
		{BEE89C2F-126E-461D-9FBC-2EB9A74A0E0A}.Release|Any CPU.Build.0 = Release|Any CPU
	EndGlobalSection
EndGlobal
